
Microsoft Visual Studio Solution File, Format Version 12.00
# Visual Studio Version 17
VisualStudioVersion = 17.8.34330.188
MinimumVisualStudioVersion = 10.0.40219.1
Project("{9A19103F-16F7-4668-BE54-9A1E7A4F7556}") = "Problem01", "Problem01\Problem01.csproj", "{2C576E49-C7D4-427C-AC95-E21C7EBDD552}"
EndProject
Project("{9A19103F-16F7-4668-BE54-9A1E7A4F7556}") = "Problem02", "Problem02\Problem02.csproj", "{F292BAE1-FC28-4F57-8690-F3C2B82F6FF2}"
EndProject
Project("{9A19103F-16F7-4668-BE54-9A1E7A4F7556}") = "Problem03", "Problem03\Problem03.csproj", "{6A3F5A8D-26C9-4B7C-B2F3-A3BD582609F1}"
EndProject
Project("{9A19103F-16F7-4668-BE54-9A1E7A4F7556}") = "Problem04", "Problem04\Problem04.csproj", "{B486D3D3-BFE5-4218-8424-82BD8BFF3FE7}"
EndProject
Project("{9A19103F-16F7-4668-BE54-9A1E7A4F7556}") = "Problem05", "Problem05\Problem05.csproj", "{F1597903-6B93-4B2E-9AD6-6C297ED53421}"
EndProject
Project("{9A19103F-16F7-4668-BE54-9A1E7A4F7556}") = "Problem06", "Problem06\Problem06.csproj", "{2856B5F1-7607-4AB0-9932-D68CD54ACF8F}"
EndProject
Project("{9A19103F-16F7-4668-BE54-9A1E7A4F7556}") = "Problem07", "Problem07\Problem07.csproj", "{304F1464-740D-44B2-A47E-899B4E7D0B91}"
EndProject
Project("{FAE04EC0-301F-11D3-BF4B-00C04F79EFBC}") = "Problem08", "Problem08\Problem08.csproj", "{C9A2B1E0-1B97-461C-8CCA-37085AC6A37A}"
EndProject
Global
	GlobalSection(SolutionConfigurationPlatforms) = preSolution
		Debug|Any CPU = Debug|Any CPU
		Release|Any CPU = Release|Any CPU
	EndGlobalSection
	GlobalSection(ProjectConfigurationPlatforms) = postSolution
		{2C576E49-C7D4-427C-AC95-E21C7EBDD552}.Debug|Any CPU.ActiveCfg = Debug|Any CPU
		{2C576E49-C7D4-427C-AC95-E21C7EBDD552}.Debug|Any CPU.Build.0 = Debug|Any CPU
		{2C576E49-C7D4-427C-AC95-E21C7EBDD552}.Release|Any CPU.ActiveCfg = Release|Any CPU
		{2C576E49-C7D4-427C-AC95-E21C7EBDD552}.Release|Any CPU.Build.0 = Release|Any CPU
		{F292BAE1-FC28-4F57-8690-F3C2B82F6FF2}.Debug|Any CPU.ActiveCfg = Debug|Any CPU
		{F292BAE1-FC28-4F57-8690-F3C2B82F6FF2}.Debug|Any CPU.Build.0 = Debug|Any CPU
		{F292BAE1-FC28-4F57-8690-F3C2B82F6FF2}.Release|Any CPU.ActiveCfg = Release|Any CPU
		{F292BAE1-FC28-4F57-8690-F3C2B82F6FF2}.Release|Any CPU.Build.0 = Release|Any CPU
		{6A3F5A8D-26C9-4B7C-B2F3-A3BD582609F1}.Debug|Any CPU.ActiveCfg = Debug|Any CPU
		{6A3F5A8D-26C9-4B7C-B2F3-A3BD582609F1}.Debug|Any CPU.Build.0 = Debug|Any CPU
		{6A3F5A8D-26C9-4B7C-B2F3-A3BD582609F1}.Release|Any CPU.ActiveCfg = Release|Any CPU
		{6A3F5A8D-26C9-4B7C-B2F3-A3BD582609F1}.Release|Any CPU.Build.0 = Release|Any CPU
		{B486D3D3-BFE5-4218-8424-82BD8BFF3FE7}.Debug|Any CPU.ActiveCfg = Debug|Any CPU
		{B486D3D3-BFE5-4218-8424-82BD8BFF3FE7}.Debug|Any CPU.Build.0 = Debug|Any CPU
		{B486D3D3-BFE5-4218-8424-82BD8BFF3FE7}.Release|Any CPU.ActiveCfg = Release|Any CPU
		{B486D3D3-BFE5-4218-8424-82BD8BFF3FE7}.Release|Any CPU.Build.0 = Release|Any CPU
		{F1597903-6B93-4B2E-9AD6-6C297ED53421}.Debug|Any CPU.ActiveCfg = Debug|Any CPU
		{F1597903-6B93-4B2E-9AD6-6C297ED53421}.Debug|Any CPU.Build.0 = Debug|Any CPU
		{F1597903-6B93-4B2E-9AD6-6C297ED53421}.Release|Any CPU.ActiveCfg = Release|Any CPU
		{F1597903-6B93-4B2E-9AD6-6C297ED53421}.Release|Any CPU.Build.0 = Release|Any CPU
		{2856B5F1-7607-4AB0-9932-D68CD54ACF8F}.Debug|Any CPU.ActiveCfg = Debug|Any CPU
		{2856B5F1-7607-4AB0-9932-D68CD54ACF8F}.Debug|Any CPU.Build.0 = Debug|Any CPU
		{2856B5F1-7607-4AB0-9932-D68CD54ACF8F}.Release|Any CPU.ActiveCfg = Release|Any CPU
		{2856B5F1-7607-4AB0-9932-D68CD54ACF8F}.Release|Any CPU.Build.0 = Release|Any CPU
		{304F1464-740D-44B2-A47E-899B4E7D0B91}.Debug|Any CPU.ActiveCfg = Debug|Any CPU
		{304F1464-740D-44B2-A47E-899B4E7D0B91}.Debug|Any CPU.Build.0 = Debug|Any CPU
		{304F1464-740D-44B2-A47E-899B4E7D0B91}.Release|Any CPU.ActiveCfg = Release|Any CPU
		{304F1464-740D-44B2-A47E-899B4E7D0B91}.Release|Any CPU.Build.0 = Release|Any CPU
		{C9A2B1E0-1B97-461C-8CCA-37085AC6A37A}.Debug|Any CPU.ActiveCfg = Debug|Any CPU
		{C9A2B1E0-1B97-461C-8CCA-37085AC6A37A}.Debug|Any CPU.Build.0 = Debug|Any CPU
		{C9A2B1E0-1B97-461C-8CCA-37085AC6A37A}.Release|Any CPU.ActiveCfg = Release|Any CPU
		{C9A2B1E0-1B97-461C-8CCA-37085AC6A37A}.Release|Any CPU.Build.0 = Release|Any CPU
	EndGlobalSection
	GlobalSection(SolutionProperties) = preSolution
		HideSolutionNode = FALSE
	EndGlobalSection
	GlobalSection(ExtensibilityGlobals) = postSolution
		SolutionGuid = {1B749D12-86A7-464D-9DE2-C3111ED07FE6}
	EndGlobalSection
EndGlobal
